<?xml version="1.0" encoding="utf-8"?>
<Project ToolsVersion="4.0" xmlns="http://schemas.microsoft.com/developer/msbuild/2003">
  <ItemGroup>
    <Filter Include="Precompiled">
      <UniqueIdentifier>{c54e400a-0b22-4fb9-ad4a-68aaa9abc7ca}</UniqueIdentifier>
    </Filter>
    <Filter Include="Game">
      <UniqueIdentifier>{d6a6b6cd-f9a5-4355-88ae-c73c49b1ecae}</UniqueIdentifier>
    </Filter>
    <Filter Include="Game\Levels">
      <UniqueIdentifier>{eb42e325-6dc2-4ec9-a38c-fed4827f3174}</UniqueIdentifier>
    </Filter>
    <Filter Include="High-Level API">
      <UniqueIdentifier>{72e40003-8b1c-46e8-9f71-ff5f6d46b94f}</UniqueIdentifier>
    </Filter>
    <Filter Include="Game\Behaviors">
      <UniqueIdentifier>{30b4313e-2f34-40ba-9613-d250bab122eb}</UniqueIdentifier>
    </Filter>
    <Filter Include="High-Level API\Graphics">
      <UniqueIdentifier>{56c056ef-4a8e-47a6-ac6e-dcc7fb92729d}</UniqueIdentifier>
    </Filter>
    <Filter Include="High-Level API\Spaces">
      <UniqueIdentifier>{27774d28-e5e6-4932-9794-c1ddede64c03}</UniqueIdentifier>
    </Filter>
    <Filter Include="High-Level API\Transforms">
      <UniqueIdentifier>{5ce93aef-0c64-4da5-b337-8f623d01a849}</UniqueIdentifier>
    </Filter>
    <Filter Include="Helper">
      <UniqueIdentifier>{701b24f6-f186-4212-b2f3-a56b33de49c8}</UniqueIdentifier>
    </Filter>
    <Filter Include="High-Level API\ObjectManagment">
      <UniqueIdentifier>{1e604601-721c-47a4-a3a0-be2895be4acb}</UniqueIdentifier>
    </Filter>
  </ItemGroup>
  <ItemGroup>
    <ClCompile Include="Source\Main.cpp" />
    <ClCompile Include="Source\stdafx.cpp">
      <Filter>Precompiled</Filter>
    </ClCompile>
    <ClCompile Include="Source\Level1.cpp">
      <Filter>Game\Levels</Filter>
    </ClCompile>
    <ClCompile Include="Source\Level2.cpp">
      <Filter>Game\Levels</Filter>
    </ClCompile>
    <ClCompile Include="Source\Level.cpp">
      <Filter>High-Level API\Spaces</Filter>
    </ClCompile>
    <ClCompile Include="Source\Space.cpp">
      <Filter>High-Level API\Spaces</Filter>
    </ClCompile>
    <ClCompile Include="Source\MeshHelper.cpp">
      <Filter>High-Level API\Graphics</Filter>
    </ClCompile>
    <ClCompile Include="Source\Sprite.cpp">
      <Filter>High-Level API\Graphics</Filter>
    </ClCompile>
    <ClCompile Include="Source\SpriteSource.cpp">
      <Filter>High-Level API\Graphics</Filter>
    </ClCompile>
    <ClCompile Include="Source\Animation.cpp">
      <Filter>High-Level API\Graphics</Filter>
    </ClCompile>
    <ClCompile Include="Source\Transform.cpp">
      <Filter>High-Level API\Transforms</Filter>
    </ClCompile>
    <ClCompile Include="Source\Physics.cpp">
      <Filter>High-Level API\Transforms</Filter>
    </ClCompile>
    <ClCompile Include="Source\MathUtil.cpp">
      <Filter>Helper</Filter>
    </ClCompile>
    <ClCompile Include="Source\Component.cpp">
      <Filter>High-Level API\ObjectManagment</Filter>
    </ClCompile>
    <ClCompile Include="Source\GameObject.cpp">
      <Filter>High-Level API\ObjectManagment</Filter>
    </ClCompile>
    <ClCompile Include="Source\Archetypes.cpp">
      <Filter>High-Level API\ObjectManagment</Filter>
    </ClCompile>
    <ClCompile Include="Source\Ship-OLD.cpp">
      <Filter>Game\Behaviors</Filter>
    </ClCompile>
    <ClCompile Include="Source\Ship.cpp">
      <Filter>Game\Behaviors</Filter>
    </ClCompile>
  </ItemGroup>
  <ItemGroup>
    <ClInclude Include="Source\stdafx.h">
      <Filter>Precompiled</Filter>
    </ClInclude>
    <ClInclude Include="Source\Level1.h">
      <Filter>Game\Levels</Filter>
    </ClInclude>
    <ClInclude Include="Source\Sprite.h">
      <Filter>High-Level API\Graphics</Filter>
    </ClInclude>
    <ClInclude Include="Source\SpriteSource.h">
      <Filter>High-Level API\Graphics</Filter>
    </ClInclude>
    <ClInclude Include="Source\Level.h">
      <Filter>High-Level API\Spaces</Filter>
    </ClInclude>
    <ClInclude Include="Source\Space.h">
      <Filter>High-Level API\Spaces</Filter>
    </ClInclude>
    <ClInclude Include="Source\Animation.h">
      <Filter>High-Level API\Graphics</Filter>
    </ClInclude>
    <ClInclude Include="Source\Level2.h">
      <Filter>Game\Levels</Filter>
    </ClInclude>
    <ClInclude Include="Source\MeshHelper.h">
      <Filter>High-Level API\Graphics</Filter>
    </ClInclude>
    <ClInclude Include="Source\Physics.h">
      <Filter>High-Level API\Transforms</Filter>
    </ClInclude>
    <ClInclude Include="Source\Transform.h">
      <Filter>High-Level API\Transforms</Filter>
    </ClInclude>
    <ClInclude Include="Source\Behaviors.h">
      <Filter>Game\Behaviors</Filter>
    </ClInclude>
    <ClInclude Include="Source\MathUtil.h">
      <Filter>Helper</Filter>
    </ClInclude>
    <ClInclude Include="Source\Component.h">
      <Filter>High-Level API\ObjectManagment</Filter>
    </ClInclude>
    <ClInclude Include="Source\GameObject.h">
      <Filter>High-Level API\ObjectManagment</Filter>
    </ClInclude>
    <ClInclude Include="Source\GameObjectManager.h">
      <Filter>High-Level API\ObjectManagment</Filter>
    </ClInclude>
    <ClInclude Include="Source\Archetypes.h">
      <Filter>High-Level API\ObjectManagment</Filter>
    </ClInclude>
    <ClInclude Include="Source\Ship.h">
      <Filter>Game\Behaviors</Filter>
    </ClInclude>
  </ItemGroup>
</Project>